
Microsoft Visual Studio Solution File, Format Version 12.00
# Visual Studio Version 17
VisualStudioVersion = 17.8.34525.116
MinimumVisualStudioVersion = 10.0.40219.1
Project("{9A19103F-16F7-4668-BE54-9A1E7A4F7556}") = "自动提取翻译", "自动提取翻译.csproj", "{41BE38BB-C500-4CD0-AF7F-B3E1D4E2026A}"
EndProject
Project("{2150E333-8FDC-42A3-9474-1A3956D46DE8}") = "Solution Items", "Solution Items", "{AE278559-25EA-4C55-962F-B72C7686429E}"
	ProjectSection(SolutionItems) = preProject
		.editorconfig = .editorconfig
	EndProjectSection
EndProject
Global
	GlobalSection(SolutionConfigurationPlatforms) = preSolution
		Debug|Any CPU = Debug|Any CPU
		Release|Any CPU = Release|Any CPU
	EndGlobalSection
	GlobalSection(ProjectConfigurationPlatforms) = postSolution
		{41BE38BB-C500-4CD0-AF7F-B3E1D4E2026A}.Debug|Any CPU.ActiveCfg = Debug|Any CPU
		{41BE38BB-C500-4CD0-AF7F-B3E1D4E2026A}.Debug|Any CPU.Build.0 = Debug|Any CPU
		{41BE38BB-C500-4CD0-AF7F-B3E1D4E2026A}.Release|Any CPU.ActiveCfg = Release|Any CPU
		{41BE38BB-C500-4CD0-AF7F-B3E1D4E2026A}.Release|Any CPU.Build.0 = Release|Any CPU
	EndGlobalSection
	GlobalSection(SolutionProperties) = preSolution
		HideSolutionNode = FALSE
	EndGlobalSection
	GlobalSection(ExtensibilityGlobals) = postSolution
		SolutionGuid = {C095A098-64EC-4A14-B448-5344C0F71B51}
	EndGlobalSection
EndGlobal
